Microsoft Visual Studio Solution File, Format Version 12.00
# Visual Studio Version 18
VisualStudioVersion = 18.2.11430.68
MinimumVisualStudioVersion = 10.0.40219.1
Project("{2150E333-8FDC-42A3-9474-1A3956D46DE8}") = "src", "src", "{827E0CD3-B72D-47B6-A68D-7590B98EB39B}"
EndProject
Project("{2150E333-8FDC-42A3-9474-1A3956D46DE8}") = "tests", "tests", "{0AB3BF05-4346-4AA6-1389-037BE0695223}"
EndProject
Project("{FAE04EC0-301F-11D3-BF4B-00C04F79EFBC}") = "ServiceName.Api", "src\ServiceName.Api\ServiceName.Api.csproj", "{73E93FF3-494B-D109-E05A-B0B883B999D9}"
EndProject
Project("{FAE04EC0-301F-11D3-BF4B-00C04F79EFBC}") = "ServiceName.Application", "src\ServiceName.Application\ServiceName.Application.csproj", "{90D330F9-32BE-EF17-2BD6-A7D1DAF9EC44}"
EndProject
Project("{FAE04EC0-301F-11D3-BF4B-00C04F79EFBC}") = "ServiceName.Domain", "src\ServiceName.Domain\ServiceName.Domain.csproj", "{1C766A57-5F5C-BB1A-FDF0-EE89FB57A47B}"
EndProject
Project("{FAE04EC0-301F-11D3-BF4B-00C04F79EFBC}") = "ServiceName.Infrastructure", "src\ServiceName.Infrastructure\ServiceName.Infrastructure.csproj", "{BDF2C3FD-221F-0A44-85C5-030FFB8D03EC}"
EndProject
Project("{FAE04EC0-301F-11D3-BF4B-00C04F79EFBC}") = "ServiceName.UnitTests", "tests\ServiceName.UnitTests\ServiceName.UnitTests.csproj", "{CAAC1913-199D-FEF7-2630-581B380B5E13}"
EndProject
Project("{2150E333-8FDC-42A3-9474-1A3956D46DE8}") = "ServiceName.UnitTests", "ServiceName.UnitTests", "{7E7669D9-82EB-445C-A465-CA0414463FBD}"
EndProject
Project("{2150E333-8FDC-42A3-9474-1A3956D46DE8}") = "ServiceName.IntegrationTests", "ServiceName.IntegrationTests", "{C2CBF2AF-67FB-4A1E-9AD1-981A415D3636}"
EndProject
Project("{FAE04EC0-301F-11D3-BF4B-00C04F79EFBC}") = "ServiceName.IntegrationTests", "tests\ServiceName.IntegrationTests\ServiceName.IntegrationTests.csproj", "{2620397E-85F5-4876-B095-121CE9CC17CB}"
EndProject
Global
	GlobalSection(SolutionConfigurationPlatforms) = preSolution
		Debug|Any CPU = Debug|Any CPU
		Release|Any CPU = Release|Any CPU
	EndGlobalSection
	GlobalSection(ProjectConfigurationPlatforms) = postSolution
		{73E93FF3-494B-D109-E05A-B0B883B999D9}.Debug|Any CPU.ActiveCfg = Debug|Any CPU
		{73E93FF3-494B-D109-E05A-B0B883B999D9}.Debug|Any CPU.Build.0 = Debug|Any CPU
		{73E93FF3-494B-D109-E05A-B0B883B999D9}.Release|Any CPU.ActiveCfg = Release|Any CPU
		{73E93FF3-494B-D109-E05A-B0B883B999D9}.Release|Any CPU.Build.0 = Release|Any CPU
		{90D330F9-32BE-EF17-2BD6-A7D1DAF9EC44}.Debug|Any CPU.ActiveCfg = Debug|Any CPU
		{90D330F9-32BE-EF17-2BD6-A7D1DAF9EC44}.Debug|Any CPU.Build.0 = Debug|Any CPU
		{90D330F9-32BE-EF17-2BD6-A7D1DAF9EC44}.Release|Any CPU.ActiveCfg = Release|Any CPU
		{90D330F9-32BE-EF17-2BD6-A7D1DAF9EC44}.Release|Any CPU.Build.0 = Release|Any CPU
		{1C766A57-5F5C-BB1A-FDF0-EE89FB57A47B}.Debug|Any CPU.ActiveCfg = Debug|Any CPU
		{1C766A57-5F5C-BB1A-FDF0-EE89FB57A47B}.Debug|Any CPU.Build.0 = Debug|Any CPU
		{1C766A57-5F5C-BB1A-FDF0-EE89FB57A47B}.Release|Any CPU.ActiveCfg = Release|Any CPU
		{1C766A57-5F5C-BB1A-FDF0-EE89FB57A47B}.Release|Any CPU.Build.0 = Release|Any CPU
		{BDF2C3FD-221F-0A44-85C5-030FFB8D03EC}.Debug|Any CPU.ActiveCfg = Debug|Any CPU
		{BDF2C3FD-221F-0A44-85C5-030FFB8D03EC}.Debug|Any CPU.Build.0 = Debug|Any CPU
		{BDF2C3FD-221F-0A44-85C5-030FFB8D03EC}.Release|Any CPU.ActiveCfg = Release|Any CPU
		{BDF2C3FD-221F-0A44-85C5-030FFB8D03EC}.Release|Any CPU.Build.0 = Release|Any CPU
		{CAAC1913-199D-FEF7-2630-581B380B5E13}.Debug|Any CPU.ActiveCfg = Debug|Any CPU
		{CAAC1913-199D-FEF7-2630-581B380B5E13}.Debug|Any CPU.Build.0 = Debug|Any CPU
		{CAAC1913-199D-FEF7-2630-581B380B5E13}.Release|Any CPU.ActiveCfg = Release|Any CPU
		{CAAC1913-199D-FEF7-2630-581B380B5E13}.Release|Any CPU.Build.0 = Release|Any CPU
		{2620397E-85F5-4876-B095-121CE9CC17CB}.Debug|Any CPU.ActiveCfg = Debug|Any CPU
		{2620397E-85F5-4876-B095-121CE9CC17CB}.Debug|Any CPU.Build.0 = Debug|Any CPU
		{2620397E-85F5-4876-B095-121CE9CC17CB}.Release|Any CPU.ActiveCfg = Release|Any CPU
		{2620397E-85F5-4876-B095-121CE9CC17CB}.Release|Any CPU.Build.0 = Release|Any CPU
	EndGlobalSection
	GlobalSection(SolutionProperties) = preSolution
		HideSolutionNode = FALSE
	EndGlobalSection
	GlobalSection(NestedProjects) = preSolution
		{73E93FF3-494B-D109-E05A-B0B883B999D9} = {827E0CD3-B72D-47B6-A68D-7590B98EB39B}
		{90D330F9-32BE-EF17-2BD6-A7D1DAF9EC44} = {827E0CD3-B72D-47B6-A68D-7590B98EB39B}
		{1C766A57-5F5C-BB1A-FDF0-EE89FB57A47B} = {827E0CD3-B72D-47B6-A68D-7590B98EB39B}
		{BDF2C3FD-221F-0A44-85C5-030FFB8D03EC} = {827E0CD3-B72D-47B6-A68D-7590B98EB39B}
		{CAAC1913-199D-FEF7-2630-581B380B5E13} = {7E7669D9-82EB-445C-A465-CA0414463FBD}
		{7E7669D9-82EB-445C-A465-CA0414463FBD} = {0AB3BF05-4346-4AA6-1389-037BE0695223}
		{C2CBF2AF-67FB-4A1E-9AD1-981A415D3636} = {0AB3BF05-4346-4AA6-1389-037BE0695223}
		{2620397E-85F5-4876-B095-121CE9CC17CB} = {C2CBF2AF-67FB-4A1E-9AD1-981A415D3636}
	EndGlobalSection
	GlobalSection(ExtensibilityGlobals) = postSolution
		SolutionGuid = {B6AD3E19-D2FB-4837-8131-A8D241991463}
	EndGlobalSection
EndGlobal
